
Microsoft Visual Studio Solution File, Format Version 12.00
# Visual Studio 15
VisualStudioVersion = 15.0.28307.421
MinimumVisualStudioVersion = 10.0.40219.1
Project("{FAE04EC0-301F-11D3-BF4B-00C04F79EFBC}") = "BookManagementSystem.Entity", "BookManagementSystem.Entity\BookManagementSystem.Entity.csproj", "{73838AB3-E207-462C-B2EA-09ADC99C0F65}"
EndProject
Project("{FAE04EC0-301F-11D3-BF4B-00C04F79EFBC}") = "BookManagementSystem.Exception", "BookManagementSystem.Exception\BookManagementSystem.Exception.csproj", "{EA9478DB-2F93-463F-B614-9A125951FC1E}"
EndProject
Project("{FAE04EC0-301F-11D3-BF4B-00C04F79EFBC}") = "BookManagementSystem.DAL", "BookManagementSystem.DAL\BookManagementSystem.DAL.csproj", "{5E02B343-F188-4090-BB8E-9991A7F6134A}"
EndProject
Project("{FAE04EC0-301F-11D3-BF4B-00C04F79EFBC}") = "BookManagementSystem.BL", "BookManagementSystem.BL\BookManagementSystem.BL.csproj", "{9A710B35-3385-4D08-BB98-C4FFA6DAAC97}"
EndProject
Project("{FAE04EC0-301F-11D3-BF4B-00C04F79EFBC}") = "BookManagementSystem.PL", "BookManagementSystem.PL\BookManagementSystem.PL.csproj", "{30F21E1B-C4CB-44E6-9608-4BF9DFE41EB6}"
EndProject
Global
	GlobalSection(SolutionConfigurationPlatforms) = preSolution
		Debug|Any CPU = Debug|Any CPU
		Release|Any CPU = Release|Any CPU
	EndGlobalSection
	GlobalSection(ProjectConfigurationPlatforms) = postSolution
		{73838AB3-E207-462C-B2EA-09ADC99C0F65}.Debug|Any CPU.ActiveCfg = Debug|Any CPU
		{73838AB3-E207-462C-B2EA-09ADC99C0F65}.Debug|Any CPU.Build.0 = Debug|Any CPU
		{73838AB3-E207-462C-B2EA-09ADC99C0F65}.Release|Any CPU.ActiveCfg = Release|Any CPU
		{73838AB3-E207-462C-B2EA-09ADC99C0F65}.Release|Any CPU.Build.0 = Release|Any CPU
		{EA9478DB-2F93-463F-B614-9A125951FC1E}.Debug|Any CPU.ActiveCfg = Debug|Any CPU
		{EA9478DB-2F93-463F-B614-9A125951FC1E}.Debug|Any CPU.Build.0 = Debug|Any CPU
		{EA9478DB-2F93-463F-B614-9A125951FC1E}.Release|Any CPU.ActiveCfg = Release|Any CPU
		{EA9478DB-2F93-463F-B614-9A125951FC1E}.Release|Any CPU.Build.0 = Release|Any CPU
		{5E02B343-F188-4090-BB8E-9991A7F6134A}.Debug|Any CPU.ActiveCfg = Debug|Any CPU
		{5E02B343-F188-4090-BB8E-9991A7F6134A}.Debug|Any CPU.Build.0 = Debug|Any CPU
		{5E02B343-F188-4090-BB8E-9991A7F6134A}.Release|Any CPU.ActiveCfg = Release|Any CPU
		{5E02B343-F188-4090-BB8E-9991A7F6134A}.Release|Any CPU.Build.0 = Release|Any CPU
		{9A710B35-3385-4D08-BB98-C4FFA6DAAC97}.Debug|Any CPU.ActiveCfg = Debug|Any CPU
		{9A710B35-3385-4D08-BB98-C4FFA6DAAC97}.Debug|Any CPU.Build.0 = Debug|Any CPU
		{9A710B35-3385-4D08-BB98-C4FFA6DAAC97}.Release|Any CPU.ActiveCfg = Release|Any CPU
		{9A710B35-3385-4D08-BB98-C4FFA6DAAC97}.Release|Any CPU.Build.0 = Release|Any CPU
		{30F21E1B-C4CB-44E6-9608-4BF9DFE41EB6}.Debug|Any CPU.ActiveCfg = Debug|Any CPU
		{30F21E1B-C4CB-44E6-9608-4BF9DFE41EB6}.Debug|Any CPU.Build.0 = Debug|Any CPU
		{30F21E1B-C4CB-44E6-9608-4BF9DFE41EB6}.Release|Any CPU.ActiveCfg = Release|Any CPU
		{30F21E1B-C4CB-44E6-9608-4BF9DFE41EB6}.Release|Any CPU.Build.0 = Release|Any CPU
	EndGlobalSection
	GlobalSection(SolutionProperties) = preSolution
		HideSolutionNode = FALSE
	EndGlobalSection
	GlobalSection(ExtensibilityGlobals) = postSolution
		SolutionGuid = {8C688ACC-C0F1-44F1-A2AA-DBE4BDE51DD5}
	EndGlobalSection
EndGlobal
