
Microsoft Visual Studio Solution File, Format Version 12.00
# Visual Studio 15
VisualStudioVersion = 15.0.28010.2050
MinimumVisualStudioVersion = 10.0.40219.1
Project("{FAE04EC0-301F-11D3-BF4B-00C04F79EFBC}") = "DLRMSEntity", "DLRMSEntity\DLRMSEntity.csproj", "{D6B80037-8312-41B3-9B7E-995F10AF3F77}"
EndProject
Project("{FAE04EC0-301F-11D3-BF4B-00C04F79EFBC}") = "DLRMSException", "DLRMSException\DLRMSException.csproj", "{FC5FF548-77AF-4E8F-8D10-BFA77CF7B238}"
EndProject
Project("{FAE04EC0-301F-11D3-BF4B-00C04F79EFBC}") = "DLRMSDAL", "DLRMSDAL\DLRMSDAL.csproj", "{15E8BBB2-9916-4C4E-BB44-6CA0E9749194}"
EndProject
Project("{FAE04EC0-301F-11D3-BF4B-00C04F79EFBC}") = "DLRMSBLL", "DLRMSBLL\DLRMSBLL.csproj", "{0EABFC33-6E9A-4E51-A59D-2FC817B369B2}"
EndProject
Project("{FAE04EC0-301F-11D3-BF4B-00C04F79EFBC}") = "DLRMSPL", "DLRMSPL\DLRMSPL.csproj", "{5013FDB4-7059-4EF6-892E-30AD9BEF2349}"
EndProject
Global
	GlobalSection(SolutionConfigurationPlatforms) = preSolution
		Debug|Any CPU = Debug|Any CPU
		Release|Any CPU = Release|Any CPU
	EndGlobalSection
	GlobalSection(ProjectConfigurationPlatforms) = postSolution
		{D6B80037-8312-41B3-9B7E-995F10AF3F77}.Debug|Any CPU.ActiveCfg = Debug|Any CPU
		{D6B80037-8312-41B3-9B7E-995F10AF3F77}.Debug|Any CPU.Build.0 = Debug|Any CPU
		{D6B80037-8312-41B3-9B7E-995F10AF3F77}.Release|Any CPU.ActiveCfg = Release|Any CPU
		{D6B80037-8312-41B3-9B7E-995F10AF3F77}.Release|Any CPU.Build.0 = Release|Any CPU
		{FC5FF548-77AF-4E8F-8D10-BFA77CF7B238}.Debug|Any CPU.ActiveCfg = Debug|Any CPU
		{FC5FF548-77AF-4E8F-8D10-BFA77CF7B238}.Debug|Any CPU.Build.0 = Debug|Any CPU
		{FC5FF548-77AF-4E8F-8D10-BFA77CF7B238}.Release|Any CPU.ActiveCfg = Release|Any CPU
		{FC5FF548-77AF-4E8F-8D10-BFA77CF7B238}.Release|Any CPU.Build.0 = Release|Any CPU
		{15E8BBB2-9916-4C4E-BB44-6CA0E9749194}.Debug|Any CPU.ActiveCfg = Debug|Any CPU
		{15E8BBB2-9916-4C4E-BB44-6CA0E9749194}.Debug|Any CPU.Build.0 = Debug|Any CPU
		{15E8BBB2-9916-4C4E-BB44-6CA0E9749194}.Release|Any CPU.ActiveCfg = Release|Any CPU
		{15E8BBB2-9916-4C4E-BB44-6CA0E9749194}.Release|Any CPU.Build.0 = Release|Any CPU
		{0EABFC33-6E9A-4E51-A59D-2FC817B369B2}.Debug|Any CPU.ActiveCfg = Debug|Any CPU
		{0EABFC33-6E9A-4E51-A59D-2FC817B369B2}.Debug|Any CPU.Build.0 = Debug|Any CPU
		{0EABFC33-6E9A-4E51-A59D-2FC817B369B2}.Release|Any CPU.ActiveCfg = Release|Any CPU
		{0EABFC33-6E9A-4E51-A59D-2FC817B369B2}.Release|Any CPU.Build.0 = Release|Any CPU
		{5013FDB4-7059-4EF6-892E-30AD9BEF2349}.Debug|Any CPU.ActiveCfg = Debug|Any CPU
		{5013FDB4-7059-4EF6-892E-30AD9BEF2349}.Debug|Any CPU.Build.0 = Debug|Any CPU
		{5013FDB4-7059-4EF6-892E-30AD9BEF2349}.Release|Any CPU.ActiveCfg = Release|Any CPU
		{5013FDB4-7059-4EF6-892E-30AD9BEF2349}.Release|Any CPU.Build.0 = Release|Any CPU
	EndGlobalSection
	GlobalSection(SolutionProperties) = preSolution
		HideSolutionNode = FALSE
	EndGlobalSection
	GlobalSection(ExtensibilityGlobals) = postSolution
		SolutionGuid = {F6743250-38CA-4CBC-9324-B7A8AD6B8002}
	EndGlobalSection
EndGlobal
